
Microsoft Visual Studio Solution File, Format Version 12.00
# Visual Studio 15
VisualStudioVersion = 15.0.28307.1401
MinimumVisualStudioVersion = 10.0.40219.1
Project("{8BC9CEB8-8B4A-11D0-8D11-00A0C91BC942}") = "SpeedyRunnersSERVER", "Speedyrunners\SpeedyrunnersSERVER.vcxproj", "{EF426327-1449-4D52-9D04-494839BF10C7}"
EndProject
Project("{8BC9CEB8-8B4A-11D0-8D11-00A0C91BC942}") = "SpeedyRunnersCLIENT", "Speedyrunners\SpeedyrunnersCLIENT.vcxproj", "{0E1076D6-78FF-472F-A4D1-6581E0FC80EF}"
EndProject
Global
	GlobalSection(SolutionConfigurationPlatforms) = preSolution
		Debug  (v141)|x64 = Debug  (v141)|x64
		Debug  (v141)|x86 = Debug  (v141)|x86
		Debug (v141)|x64 = Debug (v141)|x64
		Debug (v141)|x86 = Debug (v141)|x86
		Debug (v142)|x64 = Debug (v142)|x64
		Debug (v142)|x86 = Debug (v142)|x86
		Debug|x64 = Debug|x64
		Debug|x86 = Debug|x86
		Release (v141)|x64 = Release (v141)|x64
		Release (v141)|x86 = Release (v141)|x86
		Release (v142)|x64 = Release (v142)|x64
		Release (v142)|x86 = Release (v142)|x86
		Release|x64 = Release|x64
		Release|x86 = Release|x86
	EndGlobalSection
	GlobalSection(ProjectConfigurationPlatforms) = postSolution
		{EF426327-1449-4D52-9D04-494839BF10C7}.Debug  (v141)|x64.ActiveCfg = Debug  (v141)|x64
		{EF426327-1449-4D52-9D04-494839BF10C7}.Debug  (v141)|x64.Build.0 = Debug  (v141)|x64
		{EF426327-1449-4D52-9D04-494839BF10C7}.Debug  (v141)|x86.ActiveCfg = Debug  (v141)|Win32
		{EF426327-1449-4D52-9D04-494839BF10C7}.Debug  (v141)|x86.Build.0 = Debug  (v141)|Win32
		{EF426327-1449-4D52-9D04-494839BF10C7}.Debug (v141)|x64.ActiveCfg = Debug  (v141)|x64
		{EF426327-1449-4D52-9D04-494839BF10C7}.Debug (v141)|x64.Build.0 = Debug  (v141)|x64
		{EF426327-1449-4D52-9D04-494839BF10C7}.Debug (v141)|x86.ActiveCfg = Debug  (v141)|Win32
		{EF426327-1449-4D52-9D04-494839BF10C7}.Debug (v141)|x86.Build.0 = Debug  (v141)|Win32
		{EF426327-1449-4D52-9D04-494839BF10C7}.Debug (v142)|x64.ActiveCfg = Debug  (v141)|x64
		{EF426327-1449-4D52-9D04-494839BF10C7}.Debug (v142)|x64.Build.0 = Debug  (v141)|x64
		{EF426327-1449-4D52-9D04-494839BF10C7}.Debug (v142)|x86.ActiveCfg = Debug  (v141)|Win32
		{EF426327-1449-4D52-9D04-494839BF10C7}.Debug (v142)|x86.Build.0 = Debug  (v141)|Win32
		{EF426327-1449-4D52-9D04-494839BF10C7}.Debug|x64.ActiveCfg = Debug|x64
		{EF426327-1449-4D52-9D04-494839BF10C7}.Debug|x64.Build.0 = Debug|x64
		{EF426327-1449-4D52-9D04-494839BF10C7}.Debug|x86.ActiveCfg = Debug|Win32
		{EF426327-1449-4D52-9D04-494839BF10C7}.Debug|x86.Build.0 = Debug|Win32
		{EF426327-1449-4D52-9D04-494839BF10C7}.Release (v141)|x64.ActiveCfg = Release (v141)|x64
		{EF426327-1449-4D52-9D04-494839BF10C7}.Release (v141)|x64.Build.0 = Release (v141)|x64
		{EF426327-1449-4D52-9D04-494839BF10C7}.Release (v141)|x86.ActiveCfg = Release (v141)|Win32
		{EF426327-1449-4D52-9D04-494839BF10C7}.Release (v141)|x86.Build.0 = Release (v141)|Win32
		{EF426327-1449-4D52-9D04-494839BF10C7}.Release (v142)|x64.ActiveCfg = Release (v141)|x64
		{EF426327-1449-4D52-9D04-494839BF10C7}.Release (v142)|x64.Build.0 = Release (v141)|x64
		{EF426327-1449-4D52-9D04-494839BF10C7}.Release (v142)|x86.ActiveCfg = Release (v141)|Win32
		{EF426327-1449-4D52-9D04-494839BF10C7}.Release (v142)|x86.Build.0 = Release (v141)|Win32
		{EF426327-1449-4D52-9D04-494839BF10C7}.Release|x64.ActiveCfg = Release|x64
		{EF426327-1449-4D52-9D04-494839BF10C7}.Release|x64.Build.0 = Release|x64
		{EF426327-1449-4D52-9D04-494839BF10C7}.Release|x86.ActiveCfg = Release|Win32
		{EF426327-1449-4D52-9D04-494839BF10C7}.Release|x86.Build.0 = Release|Win32
		{0E1076D6-78FF-472F-A4D1-6581E0FC80EF}.Debug  (v141)|x64.ActiveCfg = Debug  (v141)|x64
		{0E1076D6-78FF-472F-A4D1-6581E0FC80EF}.Debug  (v141)|x64.Build.0 = Debug  (v141)|x64
		{0E1076D6-78FF-472F-A4D1-6581E0FC80EF}.Debug  (v141)|x86.ActiveCfg = Debug  (v141)|Win32
		{0E1076D6-78FF-472F-A4D1-6581E0FC80EF}.Debug  (v141)|x86.Build.0 = Debug  (v141)|Win32
		{0E1076D6-78FF-472F-A4D1-6581E0FC80EF}.Debug (v141)|x64.ActiveCfg = Debug  (v141)|x64
		{0E1076D6-78FF-472F-A4D1-6581E0FC80EF}.Debug (v141)|x64.Build.0 = Debug  (v141)|x64
		{0E1076D6-78FF-472F-A4D1-6581E0FC80EF}.Debug (v141)|x86.ActiveCfg = Debug  (v141)|Win32
		{0E1076D6-78FF-472F-A4D1-6581E0FC80EF}.Debug (v141)|x86.Build.0 = Debug  (v141)|Win32
		{0E1076D6-78FF-472F-A4D1-6581E0FC80EF}.Debug (v142)|x64.ActiveCfg = Debug  (v141)|x64
		{0E1076D6-78FF-472F-A4D1-6581E0FC80EF}.Debug (v142)|x64.Build.0 = Debug  (v141)|x64
		{0E1076D6-78FF-472F-A4D1-6581E0FC80EF}.Debug (v142)|x86.ActiveCfg = Debug  (v141)|Win32
		{0E1076D6-78FF-472F-A4D1-6581E0FC80EF}.Debug (v142)|x86.Build.0 = Debug  (v141)|Win32
		{0E1076D6-78FF-472F-A4D1-6581E0FC80EF}.Debug|x64.ActiveCfg = Debug|x64
		{0E1076D6-78FF-472F-A4D1-6581E0FC80EF}.Debug|x64.Build.0 = Debug|x64
		{0E1076D6-78FF-472F-A4D1-6581E0FC80EF}.Debug|x86.ActiveCfg = Debug|Win32
		{0E1076D6-78FF-472F-A4D1-6581E0FC80EF}.Debug|x86.Build.0 = Debug|Win32
		{0E1076D6-78FF-472F-A4D1-6581E0FC80EF}.Release (v141)|x64.ActiveCfg = Release (v141)|x64
		{0E1076D6-78FF-472F-A4D1-6581E0FC80EF}.Release (v141)|x64.Build.0 = Release (v141)|x64
		{0E1076D6-78FF-472F-A4D1-6581E0FC80EF}.Release (v141)|x86.ActiveCfg = Release (v141)|Win32
		{0E1076D6-78FF-472F-A4D1-6581E0FC80EF}.Release (v141)|x86.Build.0 = Release (v141)|Win32
		{0E1076D6-78FF-472F-A4D1-6581E0FC80EF}.Release (v142)|x64.ActiveCfg = Release (v141)|x64
		{0E1076D6-78FF-472F-A4D1-6581E0FC80EF}.Release (v142)|x64.Build.0 = Release (v141)|x64
		{0E1076D6-78FF-472F-A4D1-6581E0FC80EF}.Release (v142)|x86.ActiveCfg = Release (v141)|Win32
		{0E1076D6-78FF-472F-A4D1-6581E0FC80EF}.Release (v142)|x86.Build.0 = Release (v141)|Win32
		{0E1076D6-78FF-472F-A4D1-6581E0FC80EF}.Release|x64.ActiveCfg = Release|x64
		{0E1076D6-78FF-472F-A4D1-6581E0FC80EF}.Release|x64.Build.0 = Release|x64
		{0E1076D6-78FF-472F-A4D1-6581E0FC80EF}.Release|x86.ActiveCfg = Release|Win32
		{0E1076D6-78FF-472F-A4D1-6581E0FC80EF}.Release|x86.Build.0 = Release|Win32
	EndGlobalSection
	GlobalSection(SolutionProperties) = preSolution
		HideSolutionNode = FALSE
	EndGlobalSection
	GlobalSection(ExtensibilityGlobals) = postSolution
		SolutionGuid = {6BB8E6DE-6F78-474C-9D6B-EB79D45DFF6D}
	EndGlobalSection
EndGlobal
