<?xml version="1.0" encoding="utf-8"?>
<Project ToolsVersion="4.0" xmlns="http://schemas.microsoft.com/developer/msbuild/2003">
  <ItemGroup>
    <Filter Include="Source Files">
      <UniqueIdentifier>{4FC737F1-C7A5-4376-A066-2A32D752A2FF}</UniqueIdentifier>
      <Extensions>cpp;c;cc;cxx;def;odl;idl;hpj;bat;asm;asmx</Extensions>
    </Filter>
    <Filter Include="Header Files">
      <UniqueIdentifier>{93995380-89BD-4b04-88EB-625FBE52EBFB}</UniqueIdentifier>
      <Extensions>h;hh;hpp;hxx;hm;inl;inc;ipp;xsd</Extensions>
    </Filter>
    <Filter Include="Resource Files">
      <UniqueIdentifier>{67DA6AB6-F800-4c08-8B7A-83BB121AAD01}</UniqueIdentifier>
      <Extensions>rc;ico;cur;bmp;dlg;rc2;rct;bin;rgs;gif;jpg;jpeg;jpe;resx;tiff;tif;png;wav;mfcribbon-ms</Extensions>
    </Filter>
    <Filter Include="UI">
      <UniqueIdentifier>{edf39627-d36c-458b-a216-257cd6826a15}</UniqueIdentifier>
    </Filter>
    <Filter Include="Level">
      <UniqueIdentifier>{c56f5392-6cee-4b1a-b5cb-99a742653d78}</UniqueIdentifier>
    </Filter>
    <Filter Include="Animation">
      <UniqueIdentifier>{95d0fcac-946b-47ee-8e5f-cdea9b12a705}</UniqueIdentifier>
    </Filter>
    <Filter Include="Items">
      <UniqueIdentifier>{c6c8f07d-a326-4459-a700-8a1917aa8625}</UniqueIdentifier>
    </Filter>
    <Filter Include="utils">
      <UniqueIdentifier>{745c638f-51e4-4934-8a30-60f6fb0177d7}</UniqueIdentifier>
    </Filter>
    <Filter Include="Characters">
      <UniqueIdentifier>{8f358f7d-facd-46b0-b146-c1692534d45b}</UniqueIdentifier>
    </Filter>
  </ItemGroup>
  <ItemGroup>
    <ClCompile Include="Game.cpp">
      <Filter>Source Files</Filter>
    </ClCompile>
    <ClCompile Include="main.cpp">
      <Filter>Source Files</Filter>
    </ClCompile>
    <ClCompile Include="Camera.cpp">
      <Filter>Source Files</Filter>
    </ClCompile>
    <ClCompile Include="MusicPlayer.cpp">
      <Filter>Source Files</Filter>
    </ClCompile>
    <ClCompile Include="InGameUI.cpp">
      <Filter>UI</Filter>
    </ClCompile>
    <ClCompile Include="UISprite.cpp">
      <Filter>UI</Filter>
    </ClCompile>
    <ClCompile Include="UIElement.cpp">
      <Filter>UI</Filter>
    </ClCompile>
    <ClCompile Include="TextElement.cpp">
      <Filter>UI</Filter>
    </ClCompile>
    <ClCompile Include="Menu.cpp">
      <Filter>UI</Filter>
    </ClCompile>
    <ClCompile Include="TileMap.cpp">
      <Filter>Level</Filter>
    </ClCompile>
    <ClCompile Include="Level.cpp">
      <Filter>Level</Filter>
    </ClCompile>
    <ClCompile Include="Background.cpp">
      <Filter>UI</Filter>
    </ClCompile>
    <ClCompile Include="Animation.cpp">
      <Filter>Animation</Filter>
    </ClCompile>
    <ClCompile Include="Spritesheet.cpp">
      <Filter>Animation</Filter>
    </ClCompile>
    <ClCompile Include="ParticleSystem.cpp">
      <Filter>Animation</Filter>
    </ClCompile>
    <ClCompile Include="Item.cpp">
      <Filter>Items</Filter>
    </ClCompile>
    <ClCompile Include="Rocket.cpp">
      <Filter>Items</Filter>
    </ClCompile>
    <ClCompile Include="Checkpoint.cpp">
      <Filter>Level</Filter>
    </ClCompile>
    <ClCompile Include="utils.cpp">
      <Filter>utils</Filter>
    </ClCompile>
    <ClCompile Include="Settings.cpp">
      <Filter>utils</Filter>
    </ClCompile>
    <ClCompile Include="Resources.cpp">
      <Filter>utils</Filter>
    </ClCompile>
    <ClCompile Include="Character.cpp">
      <Filter>Characters</Filter>
    </ClCompile>
    <ClCompile Include="NPC.cpp">
      <Filter>Characters</Filter>
    </ClCompile>
    <ClCompile Include="Player.cpp">
      <Filter>Characters</Filter>
    </ClCompile>
    <ClCompile Include="Countdown.cpp">
      <Filter>UI</Filter>
    </ClCompile>
  </ItemGroup>
  <ItemGroup>
    <ClInclude Include="Game.h">
      <Filter>Header Files</Filter>
    </ClInclude>
    <ClInclude Include="Camera.h">
      <Filter>Header Files</Filter>
    </ClInclude>
    <ClInclude Include="MusicPlayer.h">
      <Filter>Header Files</Filter>
    </ClInclude>
    <ClInclude Include="UISprite.h">
      <Filter>UI</Filter>
    </ClInclude>
    <ClInclude Include="UIElement.h">
      <Filter>UI</Filter>
    </ClInclude>
    <ClInclude Include="InGameUI.h">
      <Filter>UI</Filter>
    </ClInclude>
    <ClInclude Include="TextElement.h">
      <Filter>UI</Filter>
    </ClInclude>
    <ClInclude Include="Menu.h">
      <Filter>UI</Filter>
    </ClInclude>
    <ClInclude Include="TileMap.h">
      <Filter>Level</Filter>
    </ClInclude>
    <ClInclude Include="Level.h">
      <Filter>Level</Filter>
    </ClInclude>
    <ClInclude Include="Background.h">
      <Filter>UI</Filter>
    </ClInclude>
    <ClInclude Include="Spritesheet.h">
      <Filter>Animation</Filter>
    </ClInclude>
    <ClInclude Include="Animation.h">
      <Filter>Animation</Filter>
    </ClInclude>
    <ClInclude Include="ParticleSystem.h">
      <Filter>Animation</Filter>
    </ClInclude>
    <ClInclude Include="Item.h">
      <Filter>Items</Filter>
    </ClInclude>
    <ClInclude Include="Rocket.h">
      <Filter>Items</Filter>
    </ClInclude>
    <ClInclude Include="Checkpoint.h">
      <Filter>Level</Filter>
    </ClInclude>
    <ClInclude Include="utils.hpp">
      <Filter>utils</Filter>
    </ClInclude>
    <ClInclude Include="Settings.h">
      <Filter>utils</Filter>
    </ClInclude>
    <ClInclude Include="Resources.h">
      <Filter>utils</Filter>
    </ClInclude>
    <ClInclude Include="Character.h">
      <Filter>Characters</Filter>
    </ClInclude>
    <ClInclude Include="NPC.h">
      <Filter>Characters</Filter>
    </ClInclude>
    <ClInclude Include="Player.h">
      <Filter>Characters</Filter>
    </ClInclude>
    <ClInclude Include="Globals.hpp">
      <Filter>utils</Filter>
    </ClInclude>
    <ClInclude Include="Countdown.h">
      <Filter>UI</Filter>
    </ClInclude>
  </ItemGroup>
  <ItemGroup>
    <None Include="ClassDiagram.cd" />
  </ItemGroup>
</Project>